
Microsoft Visual Studio Solution File, Format Version 12.00
# Visual Studio Version 17
VisualStudioVersion = 17.12.35527.113
MinimumVisualStudioVersion = 10.0.40219.1
Project("{FAE04EC0-301F-11D3-BF4B-00C04F79EFBC}") = "NailWarehouse.App", "NailWarehouse.App\NailWarehouse.App.csproj", "{94C308C0-D194-441A-BEF5-40D865514C64}"
EndProject
Project("{2150E333-8FDC-42A3-9474-1A3956D46DE8}") = "BL", "BL", "{02EA681E-C7D8-13C7-8484-4AC65E1B71E8}"
EndProject
Project("{2150E333-8FDC-42A3-9474-1A3956D46DE8}") = "DAL", "DAL", "{1F99EE5D-9238-40BC-AA56-33DD6A80BA5D}"
EndProject
Project("{FAE04EC0-301F-11D3-BF4B-00C04F79EFBC}") = "NailWarehouse.Entities", "DAL\NailWarehouse.Entities\NailWarehouse.Entities.csproj", "{350496FA-D393-4279-B9C2-E3AC242E2C89}"
EndProject
Project("{FAE04EC0-301F-11D3-BF4B-00C04F79EFBC}") = "NailWarehouse.Constants", "NailWarehouse.Constants\NailWarehouse.Constants.csproj", "{5BE78AC6-5BF5-4520-810B-878CD5BA5849}"
EndProject
Project("{FAE04EC0-301F-11D3-BF4B-00C04F79EFBC}") = "NailWarehouse.EntityManager.Contracts", "BL\NailWarehouse.EntityManager.Contracts\NailWarehouse.EntityManager.Contracts.csproj", "{6F2F729B-FD8B-4852-8FC6-134025094F17}"
EndProject
Project("{FAE04EC0-301F-11D3-BF4B-00C04F79EFBC}") = "NailWarehouse.EntityExtensions", "BL\NailWarehouse.EntityExtensions\NailWarehouse.EntityExtensions.csproj", "{65BC29C7-CB3B-4BF0-A2D0-731E220896BC}"
EndProject
Project("{FAE04EC0-301F-11D3-BF4B-00C04F79EFBC}") = "NailWarehouse.EntityManager", "BL\NailWarehouse.EntityManager\NailWarehouse.EntityManager.csproj", "{41F1D08C-F634-45C6-B28A-0DA1F9775EAC}"
EndProject
Project("{FAE04EC0-301F-11D3-BF4B-00C04F79EFBC}") = "NailWarehouse.MemoryStorage", "DAL\NailWarehouse.MemoryStorage\NailWarehouse.MemoryStorage.csproj", "{950DA865-2BA5-4C80-A7CA-298893261CE9}"
EndProject
Project("{FAE04EC0-301F-11D3-BF4B-00C04F79EFBC}") = "NailWarehouse.MemoryStorage.Contracts", "DAL\NailWarehouse.MemoryStorage.Contracts\NailWarehouse.MemoryStorage.Contracts.csproj", "{66E0FAD9-CC38-4FB1-930E-277264B9E2D9}"
EndProject
Project("{FAE04EC0-301F-11D3-BF4B-00C04F79EFBC}") = "NailWarehouse.EntityManager.Tests", "BL\NailWarehouse.EntityManager.Tests\NailWarehouse.EntityManager.Tests.csproj", "{C74DA0CC-081D-4864-9D4F-9AC1BC81A59A}"
EndProject
Project("{FAE04EC0-301F-11D3-BF4B-00C04F79EFBC}") = "NailWarehouse.DatabaseStorage", "DAL\NailWarehouse.DatabaseStorage\NailWarehouse.DatabaseStorage.csproj", "{B297DF0A-6C06-4B2B-A85C-C259662372E3}"
EndProject
Project("{FAE04EC0-301F-11D3-BF4B-00C04F79EFBC}") = "NailWarehouse.Infrastructure", "NailWarehouse.Infrastructure\NailWarehouse.Infrastructure.csproj", "{9E0BC6EE-948F-4170-9726-61DD6588A677}"
EndProject
Global
	GlobalSection(SolutionConfigurationPlatforms) = preSolution
		Debug|Any CPU = Debug|Any CPU
		Release|Any CPU = Release|Any CPU
	EndGlobalSection
	GlobalSection(ProjectConfigurationPlatforms) = postSolution
		{94C308C0-D194-441A-BEF5-40D865514C64}.Debug|Any CPU.ActiveCfg = Debug|Any CPU
		{94C308C0-D194-441A-BEF5-40D865514C64}.Debug|Any CPU.Build.0 = Debug|Any CPU
		{94C308C0-D194-441A-BEF5-40D865514C64}.Release|Any CPU.ActiveCfg = Release|Any CPU
		{94C308C0-D194-441A-BEF5-40D865514C64}.Release|Any CPU.Build.0 = Release|Any CPU
		{350496FA-D393-4279-B9C2-E3AC242E2C89}.Debug|Any CPU.ActiveCfg = Debug|Any CPU
		{350496FA-D393-4279-B9C2-E3AC242E2C89}.Debug|Any CPU.Build.0 = Debug|Any CPU
		{350496FA-D393-4279-B9C2-E3AC242E2C89}.Release|Any CPU.ActiveCfg = Release|Any CPU
		{350496FA-D393-4279-B9C2-E3AC242E2C89}.Release|Any CPU.Build.0 = Release|Any CPU
		{5BE78AC6-5BF5-4520-810B-878CD5BA5849}.Debug|Any CPU.ActiveCfg = Debug|Any CPU
		{5BE78AC6-5BF5-4520-810B-878CD5BA5849}.Debug|Any CPU.Build.0 = Debug|Any CPU
		{5BE78AC6-5BF5-4520-810B-878CD5BA5849}.Release|Any CPU.ActiveCfg = Release|Any CPU
		{5BE78AC6-5BF5-4520-810B-878CD5BA5849}.Release|Any CPU.Build.0 = Release|Any CPU
		{6F2F729B-FD8B-4852-8FC6-134025094F17}.Debug|Any CPU.ActiveCfg = Debug|Any CPU
		{6F2F729B-FD8B-4852-8FC6-134025094F17}.Debug|Any CPU.Build.0 = Debug|Any CPU
		{6F2F729B-FD8B-4852-8FC6-134025094F17}.Release|Any CPU.ActiveCfg = Release|Any CPU
		{6F2F729B-FD8B-4852-8FC6-134025094F17}.Release|Any CPU.Build.0 = Release|Any CPU
		{65BC29C7-CB3B-4BF0-A2D0-731E220896BC}.Debug|Any CPU.ActiveCfg = Debug|Any CPU
		{65BC29C7-CB3B-4BF0-A2D0-731E220896BC}.Debug|Any CPU.Build.0 = Debug|Any CPU
		{65BC29C7-CB3B-4BF0-A2D0-731E220896BC}.Release|Any CPU.ActiveCfg = Release|Any CPU
		{65BC29C7-CB3B-4BF0-A2D0-731E220896BC}.Release|Any CPU.Build.0 = Release|Any CPU
		{41F1D08C-F634-45C6-B28A-0DA1F9775EAC}.Debug|Any CPU.ActiveCfg = Debug|Any CPU
		{41F1D08C-F634-45C6-B28A-0DA1F9775EAC}.Debug|Any CPU.Build.0 = Debug|Any CPU
		{41F1D08C-F634-45C6-B28A-0DA1F9775EAC}.Release|Any CPU.ActiveCfg = Release|Any CPU
		{41F1D08C-F634-45C6-B28A-0DA1F9775EAC}.Release|Any CPU.Build.0 = Release|Any CPU
		{950DA865-2BA5-4C80-A7CA-298893261CE9}.Debug|Any CPU.ActiveCfg = Debug|Any CPU
		{950DA865-2BA5-4C80-A7CA-298893261CE9}.Debug|Any CPU.Build.0 = Debug|Any CPU
		{950DA865-2BA5-4C80-A7CA-298893261CE9}.Release|Any CPU.ActiveCfg = Release|Any CPU
		{950DA865-2BA5-4C80-A7CA-298893261CE9}.Release|Any CPU.Build.0 = Release|Any CPU
		{66E0FAD9-CC38-4FB1-930E-277264B9E2D9}.Debug|Any CPU.ActiveCfg = Debug|Any CPU
		{66E0FAD9-CC38-4FB1-930E-277264B9E2D9}.Debug|Any CPU.Build.0 = Debug|Any CPU
		{66E0FAD9-CC38-4FB1-930E-277264B9E2D9}.Release|Any CPU.ActiveCfg = Release|Any CPU
		{66E0FAD9-CC38-4FB1-930E-277264B9E2D9}.Release|Any CPU.Build.0 = Release|Any CPU
		{C74DA0CC-081D-4864-9D4F-9AC1BC81A59A}.Debug|Any CPU.ActiveCfg = Debug|Any CPU
		{C74DA0CC-081D-4864-9D4F-9AC1BC81A59A}.Debug|Any CPU.Build.0 = Debug|Any CPU
		{C74DA0CC-081D-4864-9D4F-9AC1BC81A59A}.Release|Any CPU.ActiveCfg = Release|Any CPU
		{C74DA0CC-081D-4864-9D4F-9AC1BC81A59A}.Release|Any CPU.Build.0 = Release|Any CPU
		{B297DF0A-6C06-4B2B-A85C-C259662372E3}.Debug|Any CPU.ActiveCfg = Debug|Any CPU
		{B297DF0A-6C06-4B2B-A85C-C259662372E3}.Debug|Any CPU.Build.0 = Debug|Any CPU
		{B297DF0A-6C06-4B2B-A85C-C259662372E3}.Release|Any CPU.ActiveCfg = Release|Any CPU
		{B297DF0A-6C06-4B2B-A85C-C259662372E3}.Release|Any CPU.Build.0 = Release|Any CPU
		{9E0BC6EE-948F-4170-9726-61DD6588A677}.Debug|Any CPU.ActiveCfg = Debug|Any CPU
		{9E0BC6EE-948F-4170-9726-61DD6588A677}.Debug|Any CPU.Build.0 = Debug|Any CPU
		{9E0BC6EE-948F-4170-9726-61DD6588A677}.Release|Any CPU.ActiveCfg = Release|Any CPU
		{9E0BC6EE-948F-4170-9726-61DD6588A677}.Release|Any CPU.Build.0 = Release|Any CPU
	EndGlobalSection
	GlobalSection(SolutionProperties) = preSolution
		HideSolutionNode = FALSE
	EndGlobalSection
	GlobalSection(NestedProjects) = preSolution
		{350496FA-D393-4279-B9C2-E3AC242E2C89} = {1F99EE5D-9238-40BC-AA56-33DD6A80BA5D}
		{6F2F729B-FD8B-4852-8FC6-134025094F17} = {02EA681E-C7D8-13C7-8484-4AC65E1B71E8}
		{65BC29C7-CB3B-4BF0-A2D0-731E220896BC} = {02EA681E-C7D8-13C7-8484-4AC65E1B71E8}
		{41F1D08C-F634-45C6-B28A-0DA1F9775EAC} = {02EA681E-C7D8-13C7-8484-4AC65E1B71E8}
		{950DA865-2BA5-4C80-A7CA-298893261CE9} = {1F99EE5D-9238-40BC-AA56-33DD6A80BA5D}
		{66E0FAD9-CC38-4FB1-930E-277264B9E2D9} = {1F99EE5D-9238-40BC-AA56-33DD6A80BA5D}
		{C74DA0CC-081D-4864-9D4F-9AC1BC81A59A} = {02EA681E-C7D8-13C7-8484-4AC65E1B71E8}
		{B297DF0A-6C06-4B2B-A85C-C259662372E3} = {1F99EE5D-9238-40BC-AA56-33DD6A80BA5D}
	EndGlobalSection
	GlobalSection(ExtensibilityGlobals) = postSolution
		SolutionGuid = {D899AED8-3D21-4168-B35D-0135912C3EC8}
	EndGlobalSection
EndGlobal
